// !$*UTF8*$!
{
	archiveVersion = 1;
	classes = {
	};
	objectVersion = 46;
	objects = {

/* Begin PBXBuildFile section */
		375163A71BBDADA9007E30A6 /* AppDelegate.swift in Sources */ = {isa = PBXBuildFile; fileRef = 375163A61BBDADA9007E30A6 /* AppDelegate.swift */; };
		375163A91BBDADA9007E30A6 /* ViewController.swift in Sources */ = {isa = PBXBuildFile; fileRef = 375163A81BBDADA9007E30A6 /* ViewController.swift */; };
		375163AC1BBDADA9007E30A6 /* Main.storyboard in Resources */ = {isa = PBXBuildFile; fileRef = 375163AA1BBDADA9007E30A6 /* Main.storyboard */; };
		375163AE1BBDADA9007E30A6 /* Assets.xcassets in Resources */ = {isa = PBXBuildFile; fileRef = 375163AD1BBDADA9007E30A6 /* Assets.xcassets */; };
		375163B11BBDADA9007E30A6 /* LaunchScreen.storyboard in Resources */ = {isa = PBXBuildFile; fileRef = 375163AF1BBDADA9007E30A6 /* LaunchScreen.storyboard */; };
/* End PBXBuildFile section */

/* Begin PBXFileReference section */
		375163A31BBDADA9007E30A6 /* StaticTable.app */ = {isa = PBXFileReference; explicitFileType = wrapper.application; includeInIndex = 0; path = StaticTable.app; sourceTree = BUILT_PRODUCTS_DIR; };
		375163A61BBDADA9007E30A6 /* AppDelegate.swift */ = {isa = PBXFileReference; lastKnownFileType = sourcecode.swift; path = AppDelegate.swift; sourceTree = "<group>"; };
		375163A81BBDADA9007E30A6 /* ViewController.swift */ = {isa = PBXFileReference; lastKnownFileType = sourcecode.swift; path = ViewController.swift; sourceTree = "<group>"; };
		375163AB1BBDADA9007E30A6 /* Base */ = {isa = PBXFileReference; lastKnownFileType = file.storyboard; name = Base; path = Base.lproj/Main.storyboard; sourceTree = "<group>"; };
		375163AD1BBDADA9007E30A6 /* Assets.xcassets */ = {isa = PBXFileReference; lastKnownFileType = folder.assetcatalog; path = Assets.xcassets; sourceTree = "<group>"; };
		375163B01BBDADA9007E30A6 /* Base */ = {isa = PBXFileReference; lastKnownFileType = file.storyboard; name = Base; path = Base.lproj/LaunchScreen.storyboard; sourceTree = "<group>"; };
		375163B21BBDADA9007E30A6 /* Info.plist */ = {isa = PBXFileReference; lastKnownFileType = text.plist.xml; path = Info.plist; sourceTree = "<group>"; };
/* End PBXFileReference section */

/* Begin PBXFrameworksBuildPhase section */
		375163A01BBDADA9007E30A6 /* Frameworks */ = {
			isa = PBXFrameworksBuildPhase;
			buildActionMask = 2147483647;
			files = (
			);
			runOnlyForDeploymentPostprocessing = 0;
		};
/* End PBXFrameworksBuildPhase section */

/* Begin PBXGroup section */
		3751639A1BBDADA8007E30A6 = {
			isa = PBXGroup;
			children = (
				375163A51BBDADA9007E30A6 /* StaticTable */,
				375163A41BBDADA9007E30A6 /* Products */,
			);
			sourceTree = "<group>";
		};
		375163A41BBDADA9007E30A6 /* Products */ = {
			isa = PBXGroup;
			children = (
				375163A31BBDADA9007E30A6 /* StaticTable.app */,
			);
			name = Products;
			sourceTree = "<group>";
		};
		375163A51BBDADA9007E30A6 /* StaticTable */ = {
			isa = PBXGroup;
			children = (
				375163A61BBDADA9007E30A6 /* AppDelegate.swift */,
				375163A81BBDADA9007E30A6 /* ViewController.swift */,
				375163AA1BBDADA9007E30A6 /* Main.storyboard */,
				375163AD1BBDADA9007E30A6 /* Assets.xcassets */,
				375163AF1BBDADA9007E30A6 /* LaunchScreen.storyboard */,
				375163B21BBDADA9007E30A6 /* Info.plist */,
			);
			path = StaticTable;
			sourceTree = "<group>";
		};
/* End PBXGroup section */

/* Begin PBXNativeTarget section */
		375163A21BBDADA9007E30A6 /* StaticTable */ = {
			isa = PBXNativeTarget;
			buildConfigurationList = 375163B51BBDADA9007E30A6 /* Build configuration list for PBXNativeTarget "StaticTable" */;
			buildPhases = (
				3751639F1BBDADA9007E30A6 /* Sources */,
				375163A01BBDADA9007E30A6 /* Frameworks */,
				375163A11BBDADA9007E30A6 /* Resources */,
			);
			buildRules = (
			);
			dependencies = (
			);
			name = StaticTable;
			productName = StaticTable;
			productReference = 375163A31BBDADA9007E30A6 /* StaticTable.app */;
			productType = "com.apple.product-type.application";
		};
/* End PBXNativeTarget section */

/* Begin PBXProject section */
		3751639B1BBDADA8007E30A6 /* Project object */ = {
			isa = PBXProject;
			attributes = {
				LastUpgradeCheck = 0700;
				ORGANIZATIONNAME = "Greg Spiers";
				TargetAttributes = {
					375163A21BBDADA9007E30A6 = {
						CreatedOnToolsVersion = 7.0;
					};
				};
			};
			buildConfigurationList = 3751639E1BBDADA8007E30A6 /* Build configuration list for PBXProject "StaticTable" */;
			compatibilityVersion = "Xcode 3.2";
			developmentRegion = English;
			hasScannedForEncodings = 0;
			knownRegions = (
				en,
				Base,
			);
			mainGroup = 3751639A1BBDADA8007E30A6;
			productRefGroup = 375163A41BBDADA9007E30A6 /* Products */;
			projectDirPath = "";
			projectRoot = "";
			targets = (
				375163A21BBDADA9007E30A6 /* StaticTable */,
			);
		};
/* End PBXProject section */

/* Begin PBXResourcesBuildPhase section */
		375163A11BBDADA9007E30A6 /* Resources */ = {
			isa = PBXResourcesBuildPhase;
			buildActionMask = 2147483647;
			files = (
				375163B11BBDADA9007E30A6 /* LaunchScreen.storyboard in Resources */,
				375163AE1BBDADA9007E30A6 /* Assets.xcassets in Resources */,
				375163AC1BBDADA9007E30A6 /* Main.storyboard in Resources */,
			);
			runOnlyForDeploymentPostprocessing = 0;
		};
/* End PBXResourcesBuildPhase section */

/* Begin PBXSourcesBuildPhase section */
		3751639F1BBDADA9007E30A6 /* Sources */ = {
			isa = PBXSourcesBuildPhase;
			buildActionMask = 2147483647;
			files = (
				375163A91BBDADA9007E30A6 /* ViewController.swift in Sources */,
				375163A71BBDADA9007E30A6 /* AppDelegate.swift in Sources */,
			);
			runOnlyForDeploymentPostprocessing = 0;
		};
/* End PBXSourcesBuildPhase section */

/* Begin PBXVariantGroup section */
		375163AA1BBDADA9007E30A6 /* Main.storyboard */ = {
			isa = PBXVariantGroup;
			children = (
				375163AB1BBDADA9007E30A6 /* Base */,
			);
			name = Main.storyboard;
			sourceTree = "<group>";
		};
		375163AF1BBDADA9007E30A6 /* LaunchScreen.storyboard */ = {
			isa = PBXVariantGroup;
			children = (
				375163B01BBDADA9007E30A6 /* Base */,
			);
			name = LaunchScreen.storyboard;
			sourceTree = "<group>";
		};
/* End PBXVariantGroup section */

/* Begin XCBuildConfiguration section */
		375163B31BBDADA9007E30A6 /* Debug */ = {
			isa = XCBuildConfiguration;
			buildSettings = {
				ALWAYS_SEARCH_USER_PATHS = NO;
				CLANG_CXX_LANGUAGE_STANDARD = "gnu++0x";
				CLANG_CXX_LIBRARY = "libc++";
				CLANG_ENABLE_MODULES = YES;
				CLANG_ENABLE_OBJC_ARC = YES;
				CLANG_WARN_BOOL_CONVERSION = YES;
				CLANG_WARN_CONSTANT_CONVERSION = YES;
				CLANG_WARN_DIRECT_OBJC_ISA_USAGE = YES_ERROR;
				CLANG_WARN_EMPTY_BODY = YES;
				CLANG_WARN_ENUM_CONVERSION = YES;
				CLANG_WARN_INT_CONVERSION = YES;
				CLANG_WARN_OBJC_ROOT_CLASS = YES_ERROR;
				CLANG_WARN_UNREACHABLE_CODE = YES;
				CLANG_WARN__DUPLICATE_METHOD_MATCH = YES;
				"CODE_SIGN_IDENTITY[sdk=iphoneos*]" = "iPhone Developer";
				COPY_PHASE_STRIP = NO;
				DEBUG_INFORMATION_FORMAT = dwarf;
				ENABLE_STRICT_OBJC_MSGSEND = YES;
				ENABLE_TESTABILITY = YES;
				GCC_C_LANGUAGE_STANDARD = gnu99;
				GCC_DYNAMIC_NO_PIC = NO;
				GCC_NO_COMMON_BLOCKS = YES;
				GCC_OPTIMIZATION_LEVEL = 0;
				GCC_PREPROCESSOR_DEFINITIONS = (
					"DEBUG=1",
					"$(inherited)",
				);
				GCC_WARN_64_TO_32_BIT_CONVERSION = YES;
				GCC_WARN_ABOUT_RETURN_TYPE = YES_ERROR;
				GCC_WARN_UNDECLARED_SELECTOR = YES;
				GCC_WARN_UNINITIALIZED_AUTOS = YES_AGGRESSIVE;
				GCC_WARN_UNUSED_FUNCTION = YES;
				GCC_WARN_UNUSED_VARIABLE = YES;
				IPHONEOS_DEPLOYMENT_TARGET = 8.4;
				MTL_ENABLE_DEBUG_INFO = YES;
				ONLY_ACTIVE_ARCH = YES;
				SDKROOT = iphoneos;
				SWIFT_OPTIMIZATION_LEVEL = "-Onone";
			};
			name = Debug;
		};
		375163B41BBDADA9007E30A6 /* Release */ = {
			isa = XCBuildConfiguration;
			buildSettings = {
				ALWAYS_SEARCH_USER_PATHS = NO;
				CLANG_CXX_LANGUAGE_STANDARD = "gnu++0x";
				CLANG_CXX_LIBRARY = "libc++";
				CLANG_ENABLE_MODULES = YES;
				CLANG_ENABLE_OBJC_ARC = YES;
				CLANG_WARN_BOOL_CONVERSION = YES;
				CLANG_WARN_CONSTANT_CONVERSION = YES;
				CLANG_WARN_DIRECT_OBJC_ISA_USAGE = YES_ERROR;
				CLANG_WARN_EMPTY_BODY = YES;
				CLANG_WARN_ENUM_CONVERSION = YES;
				CLANG_WARN_INT_CONVERSION = YES;
				CLANG_WARN_OBJC_ROOT_CLASS = YES_ERROR;
				CLANG_WARN_UNREACHABLE_CODE = YES;
				CLANG_WARN__DUPLICATE_METHOD_MATCH = YES;
				"CODE_SIGN_IDENTITY[sdk=iphoneos*]" = "iPhone Developer";
				COPY_PHASE_STRIP = NO;
				DEBUG_INFORMATION_FORMAT = "dwarf-with-dsym";
				ENABLE_NS_ASSERTIONS = NO;
				ENABLE_STRICT_OBJC_MSGSEND = YES;
				GCC_C_LANGUAGE_STANDARD = gnu99;
				GCC_NO_COMMON_BLOCKS = YES;
				GCC_WARN_64_TO_32_BIT_CONVERSION = YES;
				GCC_WARN_ABOUT_RETURN_TYPE = YES_ERROR;
				GCC_WARN_UNDECLARED_SELECTOR = YES;
				GCC_WARN_UNINITIALIZED_AUTOS = YES_AGGRESSIVE;
				GCC_WARN_UNUSED_FUNCTION = YES;
				GCC_WARN_UNUSED_VARIABLE = YES;
				IPHONEOS_DEPLOYMENT_TARGET = 8.4;
				MTL_ENABLE_DEBUG_INFO = NO;
				SDKROOT = iphoneos;
				VALIDATE_PRODUCT = YES;
			};
			name = Release;
		};
		375163B61BBDADA9007E30A6 /* Debug */ = {
			isa = XCBuildConfiguration;
			buildSettings = {
				ASSETCATALOG_COMPILER_APPICON_NAME = AppIcon;
				INFOPLIST_FILE = StaticTable/Info.plist;
				LD_RUNPATH_SEARCH_PATHS = "$(inherited) @executable_path/Frameworks";
				PRODUCT_BUNDLE_IDENTIFIER = com.gspiers.StaticTable;
				PRODUCT_NAME = "$(TARGET_NAME)";
			};
			name = Debug;
		};
		375163B71BBDADA9007E30A6 /* Release */ = {
			isa = XCBuildConfiguration;
			buildSettings = {
				ASSETCATALOG_COMPILER_APPICON_NAME = AppIcon;
				INFOPLIST_FILE = StaticTable/Info.plist;
				LD_RUNPATH_SEARCH_PATHS = "$(inherited) @executable_path/Frameworks";
				PRODUCT_BUNDLE_IDENTIFIER = com.gspiers.StaticTable;
				PRODUCT_NAME = "$(TARGET_NAME)";
			};
			name = Release;
		};
/* End XCBuildConfiguration section */

/* Begin XCConfigurationList section */
		3751639E1BBDADA8007E30A6 /* Build configuration list for PBXProject "StaticTable" */ = {
			isa = XCConfigurationList;
			buildConfigurations = (
				375163B31BBDADA9007E30A6 /* Debug */,
				375163B41BBDADA9007E30A6 /* Release */,
			);
			defaultConfigurationIsVisible = 0;
			defaultConfigurationName = Release;
		};
		375163B51BBDADA9007E30A6 /* Build configuration list for PBXNativeTarget "StaticTable" */ = {
			isa = XCConfigurationList;
			buildConfigurations = (
				375163B61BBDADA9007E30A6 /* Debug */,
				375163B71BBDADA9007E30A6 /* Release */,
			);
			defaultConfigurationIsVisible = 0;
		};
/* End XCConfigurationList section */
	};
	rootObject = 3751639B1BBDADA8007E30A6 /* Project object */;
}
